# This file is automatically @generated by Cargo.
# It is not intended for manual editing.
version = 3

[[package]]
name = "scriptS"
version = "0.1.0"
dependencies = [
 "sila-transpiler-infrastructure",
]

[[package]]
name = "sila-transpiler-infrastructure"
version = "0.3.3"
source = "registry+https://github.com/rust-lang/crates.io-index"
checksum = "c508f7a663cc0fb17b7a86263fcd60535a4ba4462d959243d0059452674b55f3"
